
Microsoft Visual Studio Solution File, Format Version 12.00
# Visual Studio Version 16
VisualStudioVersion = 16.0.30803.129
MinimumVisualStudioVersion = 10.0.40219.1
Project("{9A19103F-16F7-4668-BE54-9A1E7A4F7556}") = "edu2WebAPI", "src\edu2WebAPI\edu2WebAPI.csproj", "{E2E5502A-834D-4916-922D-508CA7075613}"
EndProject
Project("{9A19103F-16F7-4668-BE54-9A1E7A4F7556}") = "edu2Model", "src\edu2Domain\edu2Model.csproj", "{76115A8A-74D4-43A6-8F08-77141557DBEB}"
EndProject
Project("{9A19103F-16F7-4668-BE54-9A1E7A4F7556}") = "edu2Tests", "src\edu2Tests\edu2Tests.csproj", "{C08B9CF9-B859-4DDA-BDAC-11D5AF3808AB}"
EndProject
Project("{FAE04EC0-301F-11D3-BF4B-00C04F79EFBC}") = "edu2Client", "src\edu2Client\edu2Client.csproj", "{B052C62B-CA3B-40FE-A42C-EF4D4497328A}"
EndProject
Global
	GlobalSection(SolutionConfigurationPlatforms) = preSolution
		Debug|Any CPU = Debug|Any CPU
		Release|Any CPU = Release|Any CPU
	EndGlobalSection
	GlobalSection(ProjectConfigurationPlatforms) = postSolution
		{E2E5502A-834D-4916-922D-508CA7075613}.Debug|Any CPU.ActiveCfg = Debug|Any CPU
		{E2E5502A-834D-4916-922D-508CA7075613}.Debug|Any CPU.Build.0 = Debug|Any CPU
		{E2E5502A-834D-4916-922D-508CA7075613}.Release|Any CPU.ActiveCfg = Release|Any CPU
		{E2E5502A-834D-4916-922D-508CA7075613}.Release|Any CPU.Build.0 = Release|Any CPU
		{76115A8A-74D4-43A6-8F08-77141557DBEB}.Debug|Any CPU.ActiveCfg = Debug|Any CPU
		{76115A8A-74D4-43A6-8F08-77141557DBEB}.Debug|Any CPU.Build.0 = Debug|Any CPU
		{76115A8A-74D4-43A6-8F08-77141557DBEB}.Release|Any CPU.ActiveCfg = Release|Any CPU
		{76115A8A-74D4-43A6-8F08-77141557DBEB}.Release|Any CPU.Build.0 = Release|Any CPU
		{C08B9CF9-B859-4DDA-BDAC-11D5AF3808AB}.Debug|Any CPU.ActiveCfg = Debug|Any CPU
		{C08B9CF9-B859-4DDA-BDAC-11D5AF3808AB}.Debug|Any CPU.Build.0 = Debug|Any CPU
		{C08B9CF9-B859-4DDA-BDAC-11D5AF3808AB}.Release|Any CPU.ActiveCfg = Release|Any CPU
		{C08B9CF9-B859-4DDA-BDAC-11D5AF3808AB}.Release|Any CPU.Build.0 = Release|Any CPU
		{B052C62B-CA3B-40FE-A42C-EF4D4497328A}.Debug|Any CPU.ActiveCfg = Debug|Any CPU
		{B052C62B-CA3B-40FE-A42C-EF4D4497328A}.Debug|Any CPU.Build.0 = Debug|Any CPU
		{B052C62B-CA3B-40FE-A42C-EF4D4497328A}.Release|Any CPU.ActiveCfg = Release|Any CPU
		{B052C62B-CA3B-40FE-A42C-EF4D4497328A}.Release|Any CPU.Build.0 = Release|Any CPU
	EndGlobalSection
	GlobalSection(SolutionProperties) = preSolution
		HideSolutionNode = FALSE
	EndGlobalSection
	GlobalSection(ExtensibilityGlobals) = postSolution
		SolutionGuid = {2227310A-5A35-4C89-AACA-030BEE70D845}
	EndGlobalSection
EndGlobal
